// !$*UTF8*$!
{
	archiveVersion = 1;
	classes = {
	};
	objectVersion = 50;
	objects = {

/* Begin PBXBuildFile section */
		93DB297B229CD8F300633FB6 /* AppDelegate.swift in Sources */ = {isa = PBXBuildFile; fileRef = 93DB297A229CD8F300633FB6 /* AppDelegate.swift */; };
		93DB297D229CD8F300633FB6 /* ViewController.swift in Sources */ = {isa = PBXBuildFile; fileRef = 93DB297C229CD8F300633FB6 /* ViewController.swift */; };
		93DB2980229CD8F300633FB6 /* Main.storyboard in Resources */ = {isa = PBXBuildFile; fileRef = 93DB297E229CD8F300633FB6 /* Main.storyboard */; };
		93DB2982229CD8F800633FB6 /* Assets.xcassets in Resources */ = {isa = PBXBuildFile; fileRef = 93DB2981229CD8F800633FB6 /* Assets.xcassets */; };
		93DB2985229CD8F800633FB6 /* LaunchScreen.storyboard in Resources */ = {isa = PBXBuildFile; fileRef = 93DB2983229CD8F800633FB6 /* LaunchScreen.storyboard */; };
		E73A0C2D758024F9BEA18EBA /* Pods_googlemap.framework in Frameworks */ = {isa = PBXBuildFile; fileRef = DF0FBE323B9527757FE6C517 /* Pods_googlemap.framework */; };
/* End PBXBuildFile section */

/* Begin PBXFileReference section */
		93DB2977229CD8F300633FB6 /* googlemap.app */ = {isa = PBXFileReference; explicitFileType = wrapper.application; includeInIndex = 0; path = googlemap.app; sourceTree = BUILT_PRODUCTS_DIR; };
		93DB297A229CD8F300633FB6 /* AppDelegate.swift */ = {isa = PBXFileReference; lastKnownFileType = sourcecode.swift; path = AppDelegate.swift; sourceTree = "<group>"; };
		93DB297C229CD8F300633FB6 /* ViewController.swift */ = {isa = PBXFileReference; lastKnownFileType = sourcecode.swift; path = ViewController.swift; sourceTree = "<group>"; };
		93DB297F229CD8F300633FB6 /* Base */ = {isa = PBXFileReference; lastKnownFileType = file.storyboard; name = Base; path = Base.lproj/Main.storyboard; sourceTree = "<group>"; };
		93DB2981229CD8F800633FB6 /* Assets.xcassets */ = {isa = PBXFileReference; lastKnownFileType = folder.assetcatalog; path = Assets.xcassets; sourceTree = "<group>"; };
		93DB2984229CD8F800633FB6 /* Base */ = {isa = PBXFileReference; lastKnownFileType = file.storyboard; name = Base; path = Base.lproj/LaunchScreen.storyboard; sourceTree = "<group>"; };
		93DB2986229CD8F800633FB6 /* Info.plist */ = {isa = PBXFileReference; lastKnownFileType = text.plist.xml; path = Info.plist; sourceTree = "<group>"; };
		AB72CE3DD85C53619948FAA3 /* Pods-googlemap.debug.xcconfig */ = {isa = PBXFileReference; includeInIndex = 1; lastKnownFileType = text.xcconfig; name = "Pods-googlemap.debug.xcconfig"; path = "Target Support Files/Pods-googlemap/Pods-googlemap.debug.xcconfig"; sourceTree = "<group>"; };
		C8EF26930A2DA8E17012C093 /* Pods-googlemap.release.xcconfig */ = {isa = PBXFileReference; includeInIndex = 1; lastKnownFileType = text.xcconfig; name = "Pods-googlemap.release.xcconfig"; path = "Target Support Files/Pods-googlemap/Pods-googlemap.release.xcconfig"; sourceTree = "<group>"; };
		DF0FBE323B9527757FE6C517 /* Pods_googlemap.framework */ = {isa = PBXFileReference; explicitFileType = wrapper.framework; includeInIndex = 0; path = Pods_googlemap.framework; sourceTree = BUILT_PRODUCTS_DIR; };
/* End PBXFileReference section */

/* Begin PBXFrameworksBuildPhase section */
		93DB2974229CD8F300633FB6 /* Frameworks */ = {
			isa = PBXFrameworksBuildPhase;
			buildActionMask = 2147483647;
			files = (
				E73A0C2D758024F9BEA18EBA /* Pods_googlemap.framework in Frameworks */,
			);
			runOnlyForDeploymentPostprocessing = 0;
		};
/* End PBXFrameworksBuildPhase section */

/* Begin PBXGroup section */
		93DB296E229CD8F200633FB6 = {
			isa = PBXGroup;
			children = (
				93DB2979229CD8F300633FB6 /* googlemap */,
				93DB2978229CD8F300633FB6 /* Products */,
				A6D5B8D3D660BB7253E4B422 /* Pods */,
				CB63711F8B512E93B4D491C6 /* Frameworks */,
			);
			sourceTree = "<group>";
		};
		93DB2978229CD8F300633FB6 /* Products */ = {
			isa = PBXGroup;
			children = (
				93DB2977229CD8F300633FB6 /* googlemap.app */,
			);
			name = Products;
			sourceTree = "<group>";
		};
		93DB2979229CD8F300633FB6 /* googlemap */ = {
			isa = PBXGroup;
			children = (
				93DB297A229CD8F300633FB6 /* AppDelegate.swift */,
				93DB297C229CD8F300633FB6 /* ViewController.swift */,
				93DB297E229CD8F300633FB6 /* Main.storyboard */,
				93DB2981229CD8F800633FB6 /* Assets.xcassets */,
				93DB2983229CD8F800633FB6 /* LaunchScreen.storyboard */,
				93DB2986229CD8F800633FB6 /* Info.plist */,
			);
			path = googlemap;
			sourceTree = "<group>";
		};
		A6D5B8D3D660BB7253E4B422 /* Pods */ = {
			isa = PBXGroup;
			children = (
				AB72CE3DD85C53619948FAA3 /* Pods-googlemap.debug.xcconfig */,
				C8EF26930A2DA8E17012C093 /* Pods-googlemap.release.xcconfig */,
			);
			name = Pods;
			path = Pods;
			sourceTree = "<group>";
		};
		CB63711F8B512E93B4D491C6 /* Frameworks */ = {
			isa = PBXGroup;
			children = (
				DF0FBE323B9527757FE6C517 /* Pods_googlemap.framework */,
			);
			name = Frameworks;
			sourceTree = "<group>";
		};
/* End PBXGroup section */

/* Begin PBXNativeTarget section */
		93DB2976229CD8F300633FB6 /* googlemap */ = {
			isa = PBXNativeTarget;
			buildConfigurationList = 93DB2989229CD8F800633FB6 /* Build configuration list for PBXNativeTarget "googlemap" */;
			buildPhases = (
				CE48AFF721C0D088F042842A /* [CP] Check Pods Manifest.lock */,
				93DB2973229CD8F300633FB6 /* Sources */,
				93DB2974229CD8F300633FB6 /* Frameworks */,
				93DB2975229CD8F300633FB6 /* Resources */,
				14DD74047B8D8C479FC403F4 /* [CP] Copy Pods Resources */,
			);
			buildRules = (
			);
			dependencies = (
			);
			name = googlemap;
			productName = googlemap;
			productReference = 93DB2977229CD8F300633FB6 /* googlemap.app */;
			productType = "com.apple.product-type.application";
		};
/* End PBXNativeTarget section */

/* Begin PBXProject section */
		93DB296F229CD8F200633FB6 /* Project object */ = {
			isa = PBXProject;
			attributes = {
				LastSwiftUpdateCheck = 1020;
				LastUpgradeCheck = 1020;
				ORGANIZATIONNAME = HaiPhan;
				TargetAttributes = {
					93DB2976229CD8F300633FB6 = {
						CreatedOnToolsVersion = 10.2.1;
					};
				};
			};
			buildConfigurationList = 93DB2972229CD8F300633FB6 /* Build configuration list for PBXProject "googlemap" */;
			compatibilityVersion = "Xcode 9.3";
			developmentRegion = en;
			hasScannedForEncodings = 0;
			knownRegions = (
				en,
				Base,
			);
			mainGroup = 93DB296E229CD8F200633FB6;
			productRefGroup = 93DB2978229CD8F300633FB6 /* Products */;
			projectDirPath = "";
			projectRoot = "";
			targets = (
				93DB2976229CD8F300633FB6 /* googlemap */,
			);
		};
/* End PBXProject section */

/* Begin PBXResourcesBuildPhase section */
		93DB2975229CD8F300633FB6 /* Resources */ = {
			isa = PBXResourcesBuildPhase;
			buildActionMask = 2147483647;
			files = (
				93DB2985229CD8F800633FB6 /* LaunchScreen.storyboard in Resources */,
				93DB2982229CD8F800633FB6 /* Assets.xcassets in Resources */,
				93DB2980229CD8F300633FB6 /* Main.storyboard in Resources */,
			);
			runOnlyForDeploymentPostprocessing = 0;
		};
/* End PBXResourcesBuildPhase section */

/* Begin PBXShellScriptBuildPhase section */
		14DD74047B8D8C479FC403F4 /* [CP] Copy Pods Resources */ = {
			isa = PBXShellScriptBuildPhase;
			buildActionMask = 2147483647;
			files = (
			);
			inputFileListPaths = (
				"${PODS_ROOT}/Target Support Files/Pods-googlemap/Pods-googlemap-resources-${CONFIGURATION}-input-files.xcfilelist",
			);
			name = "[CP] Copy Pods Resources";
			outputFileListPaths = (
				"${PODS_ROOT}/Target Support Files/Pods-googlemap/Pods-googlemap-resources-${CONFIGURATION}-output-files.xcfilelist",
			);
			runOnlyForDeploymentPostprocessing = 0;
			shellPath = /bin/sh;
			shellScript = "\"${PODS_ROOT}/Target Support Files/Pods-googlemap/Pods-googlemap-resources.sh\"\n";
			showEnvVarsInLog = 0;
		};
		CE48AFF721C0D088F042842A /* [CP] Check Pods Manifest.lock */ = {
			isa = PBXShellScriptBuildPhase;
			buildActionMask = 2147483647;
			files = (
			);
			inputFileListPaths = (
			);
			inputPaths = (
				"${PODS_PODFILE_DIR_PATH}/Podfile.lock",
				"${PODS_ROOT}/Manifest.lock",
			);
			name = "[CP] Check Pods Manifest.lock";
			outputFileListPaths = (
			);
			outputPaths = (
				"$(DERIVED_FILE_DIR)/Pods-googlemap-checkManifestLockResult.txt",
			);
			runOnlyForDeploymentPostprocessing = 0;
			shellPath = /bin/sh;
			shellScript = "diff \"${PODS_PODFILE_DIR_PATH}/Podfile.lock\" \"${PODS_ROOT}/Manifest.lock\" > /dev/null\nif [ $? != 0 ] ; then\n    # print error to STDERR\n    echo \"error: The sandbox is not in sync with the Podfile.lock. Run 'pod install' or update your CocoaPods installation.\" >&2\n    exit 1\nfi\n# This output is used by Xcode 'outputs' to avoid re-running this script phase.\necho \"SUCCESS\" > \"${SCRIPT_OUTPUT_FILE_0}\"\n";
			showEnvVarsInLog = 0;
		};
/* End PBXShellScriptBuildPhase section */

/* Begin PBXSourcesBuildPhase section */
		93DB2973229CD8F300633FB6 /* Sources */ = {
			isa = PBXSourcesBuildPhase;
			buildActionMask = 2147483647;
			files = (
				93DB297D229CD8F300633FB6 /* ViewController.swift in Sources */,
				93DB297B229CD8F300633FB6 /* AppDelegate.swift in Sources */,
			);
			runOnlyForDeploymentPostprocessing = 0;
		};
/* End PBXSourcesBuildPhase section */

/* Begin PBXVariantGroup section */
		93DB297E229CD8F300633FB6 /* Main.storyboard */ = {
			isa = PBXVariantGroup;
			children = (
				93DB297F229CD8F300633FB6 /* Base */,
			);
			name = Main.storyboard;
			sourceTree = "<group>";
		};
		93DB2983229CD8F800633FB6 /* LaunchScreen.storyboard */ = {
			isa = PBXVariantGroup;
			children = (
				93DB2984229CD8F800633FB6 /* Base */,
			);
			name = LaunchScreen.storyboard;
			sourceTree = "<group>";
		};
/* End PBXVariantGroup section */

/* Begin XCBuildConfiguration section */
		93DB2987229CD8F800633FB6 /* Debug */ = {
			isa = XCBuildConfiguration;
			buildSettings = {
				ALWAYS_SEARCH_USER_PATHS = NO;
				CLANG_ANALYZER_NONNULL = YES;
				CLANG_ANALYZER_NUMBER_OBJECT_CONVERSION = YES_AGGRESSIVE;
				CLANG_CXX_LANGUAGE_STANDARD = "gnu++14";
				CLANG_CXX_LIBRARY = "libc++";
				CLANG_ENABLE_MODULES = YES;
				CLANG_ENABLE_OBJC_ARC = YES;
				CLANG_ENABLE_OBJC_WEAK = YES;
				CLANG_WARN_BLOCK_CAPTURE_AUTORELEASING = YES;
				CLANG_WARN_BOOL_CONVERSION = YES;
				CLANG_WARN_COMMA = YES;
				CLANG_WARN_CONSTANT_CONVERSION = YES;
				CLANG_WARN_DEPRECATED_OBJC_IMPLEMENTATIONS = YES;
				CLANG_WARN_DIRECT_OBJC_ISA_USAGE = YES_ERROR;
				CLANG_WARN_DOCUMENTATION_COMMENTS = YES;
				CLANG_WARN_EMPTY_BODY = YES;
				CLANG_WARN_ENUM_CONVERSION = YES;
				CLANG_WARN_INFINITE_RECURSION = YES;
				CLANG_WARN_INT_CONVERSION = YES;
				CLANG_WARN_NON_LITERAL_NULL_CONVERSION = YES;
				CLANG_WARN_OBJC_IMPLICIT_RETAIN_SELF = YES;
				CLANG_WARN_OBJC_LITERAL_CONVERSION = YES;
				CLANG_WARN_OBJC_ROOT_CLASS = YES_ERROR;
				CLANG_WARN_RANGE_LOOP_ANALYSIS = YES;
				CLANG_WARN_STRICT_PROTOTYPES = YES;
				CLANG_WARN_SUSPICIOUS_MOVE = YES;
				CLANG_WARN_UNGUARDED_AVAILABILITY = YES_AGGRESSIVE;
				CLANG_WARN_UNREACHABLE_CODE = YES;
				CLANG_WARN__DUPLICATE_METHOD_MATCH = YES;
				CODE_SIGN_IDENTITY = "iPhone Developer";
				COPY_PHASE_STRIP = NO;
				DEBUG_INFORMATION_FORMAT = dwarf;
				ENABLE_STRICT_OBJC_MSGSEND = YES;
				ENABLE_TESTABILITY = YES;
				GCC_C_LANGUAGE_STANDARD = gnu11;
				GCC_DYNAMIC_NO_PIC = NO;
				GCC_NO_COMMON_BLOCKS = YES;
				GCC_OPTIMIZATION_LEVEL = 0;
				GCC_PREPROCESSOR_DEFINITIONS = (
					"DEBUG=1",
					"$(inherited)",
				);
				GCC_WARN_64_TO_32_BIT_CONVERSION = YES;
				GCC_WARN_ABOUT_RETURN_TYPE = YES_ERROR;
				GCC_WARN_UNDECLARED_SELECTOR = YES;
				GCC_WARN_UNINITIALIZED_AUTOS = YES_AGGRESSIVE;
				GCC_WARN_UNUSED_FUNCTION = YES;
				GCC_WARN_UNUSED_VARIABLE = YES;
				IPHONEOS_DEPLOYMENT_TARGET = 12.2;
				MTL_ENABLE_DEBUG_INFO = INCLUDE_SOURCE;
				MTL_FAST_MATH = YES;
				ONLY_ACTIVE_ARCH = YES;
				SDKROOT = iphoneos;
				SWIFT_ACTIVE_COMPILATION_CONDITIONS = DEBUG;
				SWIFT_OPTIMIZATION_LEVEL = "-Onone";
			};
			name = Debug;
		};
		93DB2988229CD8F800633FB6 /* Release */ = {
			isa = XCBuildConfiguration;
			buildSettings = {
				ALWAYS_SEARCH_USER_PATHS = NO;
				CLANG_ANALYZER_NONNULL = YES;
				CLANG_ANALYZER_NUMBER_OBJECT_CONVERSION = YES_AGGRESSIVE;
				CLANG_CXX_LANGUAGE_STANDARD = "gnu++14";
				CLANG_CXX_LIBRARY = "libc++";
				CLANG_ENABLE_MODULES = YES;
				CLANG_ENABLE_OBJC_ARC = YES;
				CLANG_ENABLE_OBJC_WEAK = YES;
				CLANG_WARN_BLOCK_CAPTURE_AUTORELEASING = YES;
				CLANG_WARN_BOOL_CONVERSION = YES;
				CLANG_WARN_COMMA = YES;
				CLANG_WARN_CONSTANT_CONVERSION = YES;
				CLANG_WARN_DEPRECATED_OBJC_IMPLEMENTATIONS = YES;
				CLANG_WARN_DIRECT_OBJC_ISA_USAGE = YES_ERROR;
				CLANG_WARN_DOCUMENTATION_COMMENTS = YES;
				CLANG_WARN_EMPTY_BODY = YES;
				CLANG_WARN_ENUM_CONVERSION = YES;
				CLANG_WARN_INFINITE_RECURSION = YES;
				CLANG_WARN_INT_CONVERSION = YES;
				CLANG_WARN_NON_LITERAL_NULL_CONVERSION = YES;
				CLANG_WARN_OBJC_IMPLICIT_RETAIN_SELF = YES;
				CLANG_WARN_OBJC_LITERAL_CONVERSION = YES;
				CLANG_WARN_OBJC_ROOT_CLASS = YES_ERROR;
				CLANG_WARN_RANGE_LOOP_ANALYSIS = YES;
				CLANG_WARN_STRICT_PROTOTYPES = YES;
				CLANG_WARN_SUSPICIOUS_MOVE = YES;
				CLANG_WARN_UNGUARDED_AVAILABILITY = YES_AGGRESSIVE;
				CLANG_WARN_UNREACHABLE_CODE = YES;
				CLANG_WARN__DUPLICATE_METHOD_MATCH = YES;
				CODE_SIGN_IDENTITY = "iPhone Developer";
				COPY_PHASE_STRIP = NO;
				DEBUG_INFORMATION_FORMAT = "dwarf-with-dsym";
				ENABLE_NS_ASSERTIONS = NO;
				ENABLE_STRICT_OBJC_MSGSEND = YES;
				GCC_C_LANGUAGE_STANDARD = gnu11;
				GCC_NO_COMMON_BLOCKS = YES;
				GCC_WARN_64_TO_32_BIT_CONVERSION = YES;
				GCC_WARN_ABOUT_RETURN_TYPE = YES_ERROR;
				GCC_WARN_UNDECLARED_SELECTOR = YES;
				GCC_WARN_UNINITIALIZED_AUTOS = YES_AGGRESSIVE;
				GCC_WARN_UNUSED_FUNCTION = YES;
				GCC_WARN_UNUSED_VARIABLE = YES;
				IPHONEOS_DEPLOYMENT_TARGET = 12.2;
				MTL_ENABLE_DEBUG_INFO = NO;
				MTL_FAST_MATH = YES;
				SDKROOT = iphoneos;
				SWIFT_COMPILATION_MODE = wholemodule;
				SWIFT_OPTIMIZATION_LEVEL = "-O";
				VALIDATE_PRODUCT = YES;
			};
			name = Release;
		};
		93DB298A229CD8F800633FB6 /* Debug */ = {
			isa = XCBuildConfiguration;
			baseConfigurationReference = AB72CE3DD85C53619948FAA3 /* Pods-googlemap.debug.xcconfig */;
			buildSettings = {
				ASSETCATALOG_COMPILER_APPICON_NAME = AppIcon;
				CODE_SIGN_STYLE = Automatic;
				DEVELOPMENT_TEAM = 7VA7N3EEEN;
				INFOPLIST_FILE = googlemap/Info.plist;
				LD_RUNPATH_SEARCH_PATHS = (
					"$(inherited)",
					"@executable_path/Frameworks",
				);
				PRODUCT_BUNDLE_IDENTIFIER = haiphan.googlemap;
				PRODUCT_NAME = "$(TARGET_NAME)";
				SWIFT_VERSION = 5.0;
				TARGETED_DEVICE_FAMILY = "1,2";
			};
			name = Debug;
		};
		93DB298B229CD8F800633FB6 /* Release */ = {
			isa = XCBuildConfiguration;
			baseConfigurationReference = C8EF26930A2DA8E17012C093 /* Pods-googlemap.release.xcconfig */;
			buildSettings = {
				ASSETCATALOG_COMPILER_APPICON_NAME = AppIcon;
				CODE_SIGN_STYLE = Automatic;
				DEVELOPMENT_TEAM = 7VA7N3EEEN;
				INFOPLIST_FILE = googlemap/Info.plist;
				LD_RUNPATH_SEARCH_PATHS = (
					"$(inherited)",
					"@executable_path/Frameworks",
				);
				PRODUCT_BUNDLE_IDENTIFIER = haiphan.googlemap;
				PRODUCT_NAME = "$(TARGET_NAME)";
				SWIFT_VERSION = 5.0;
				TARGETED_DEVICE_FAMILY = "1,2";
			};
			name = Release;
		};
/* End XCBuildConfiguration section */

/* Begin XCConfigurationList section */
		93DB2972229CD8F300633FB6 /* Build configuration list for PBXProject "googlemap" */ = {
			isa = XCConfigurationList;
			buildConfigurations = (
				93DB2987229CD8F800633FB6 /* Debug */,
				93DB2988229CD8F800633FB6 /* Release */,
			);
			defaultConfigurationIsVisible = 0;
			defaultConfigurationName = Release;
		};
		93DB2989229CD8F800633FB6 /* Build configuration list for PBXNativeTarget "googlemap" */ = {
			isa = XCConfigurationList;
			buildConfigurations = (
				93DB298A229CD8F800633FB6 /* Debug */,
				93DB298B229CD8F800633FB6 /* Release */,
			);
			defaultConfigurationIsVisible = 0;
			defaultConfigurationName = Release;
		};
/* End XCConfigurationList section */
	};
	rootObject = 93DB296F229CD8F200633FB6 /* Project object */;
}
